
Microsoft Visual Studio Solution File, Format Version 12.00
# Visual Studio Version 17
VisualStudioVersion = 17.0.31903.59
MinimumVisualStudioVersion = 10.0.40219.1
Project("{2150E333-8FDC-42A3-9474-1A3956D46DE8}") = "Book", "Book", "{A1FB0B99-F982-4B25-929A-DF4147E5AB0B}"
EndProject
Project("{2150E333-8FDC-42A3-9474-1A3956D46DE8}") = "Magazine", "Magazine", "{975B28E0-916D-4BDB-9CFA-B48118299887}"
EndProject
Project("{2150E333-8FDC-42A3-9474-1A3956D46DE8}") = "Client", "Client", "{9013519C-3ED7-442D-8357-9A34B2B3D7BF}"
EndProject
Project("{9A19103F-16F7-4668-BE54-9A1E7A4F7556}") = "Book.Domain", "src\Book\Book.Domain\Book.Domain.csproj", "{24B978C4-9D50-4573-9F2E-2208B9DD5A2B}"
EndProject
Project("{9A19103F-16F7-4668-BE54-9A1E7A4F7556}") = "Book.Infrastructure", "src\Book\Book.Infrastructure\Book.Infrastructure.csproj", "{589885DA-C6E6-40B4-A43F-C1FD459EC86D}"
EndProject
Project("{9A19103F-16F7-4668-BE54-9A1E7A4F7556}") = "Book.API", "src\Book\Book.API\Book.API.csproj", "{82C68D2E-3A3D-4E19-A883-63F4E9D6A0A4}"
EndProject
Project("{9A19103F-16F7-4668-BE54-9A1E7A4F7556}") = "Client.Shell", "src\Client\Client.Shell\Client.Shell.csproj", "{09D6BEBD-BD17-4AB5-B29B-A07597E1EAA9}"
EndProject
Project("{9A19103F-16F7-4668-BE54-9A1E7A4F7556}") = "Magazine.API", "src\Magazine\Magazine.API\Magazine.API.csproj", "{25577522-E1CF-41D0-987D-C976FC0A3AC5}"
EndProject
Project("{9A19103F-16F7-4668-BE54-9A1E7A4F7556}") = "Magazine.Domain", "src\Magazine\Magazine.Domain\Magazine.Domain.csproj", "{05C9E41B-FDCA-4F7B-829C-EBC4CC560D0D}"
EndProject
Project("{9A19103F-16F7-4668-BE54-9A1E7A4F7556}") = "Magazine.Infrastructure", "src\Magazine\Magazine.Infrastructure\Magazine.Infrastructure.csproj", "{1FE2ED60-C505-466F-ACBC-D8A7EC1F2142}"
EndProject
Project("{2150E333-8FDC-42A3-9474-1A3956D46DE8}") = "Solution Items", "Solution Items", "{70615CEB-4398-441D-AE5E-F67E1E572D9D}"
	ProjectSection(SolutionItems) = preProject
		.editorconfig = .editorconfig
	EndProjectSection
EndProject
Project("{2150E333-8FDC-42A3-9474-1A3956D46DE8}") = "Shared", "Shared", "{DEB088A0-258F-4355-9931-BF428DE932F6}"
EndProject
Project("{9A19103F-16F7-4668-BE54-9A1E7A4F7556}") = "Shared.ServiceDefaults", "src\Shared\Shared.ServiceDefaults\Shared.ServiceDefaults.csproj", "{C7DED5F0-1F0E-45B5-9BE1-1C6EEB523FF0}"
EndProject
Project("{2150E333-8FDC-42A3-9474-1A3956D46DE8}") = "User", "User", "{246B4C43-FCF7-4481-8FB5-7157B6B8C1FE}"
EndProject
Project("{9A19103F-16F7-4668-BE54-9A1E7A4F7556}") = "User.API", "src\User\User.API\User.API.csproj", "{C1EC7074-5953-43F0-B512-C5EEB4D2D583}"
EndProject
Project("{9A19103F-16F7-4668-BE54-9A1E7A4F7556}") = "User.Domain", "src\User\User.Domain\User.Domain.csproj", "{6CCC45FE-3E08-43C7-8744-B66B7F895F9F}"
EndProject
Project("{9A19103F-16F7-4668-BE54-9A1E7A4F7556}") = "User.Infrastructure", "src\User\User.Infrastructure\User.Infrastructure.csproj", "{3C8CFD53-126B-4CCD-A636-DFB24E48FDA9}"
EndProject
Project("{9A19103F-16F7-4668-BE54-9A1E7A4F7556}") = "Shared.Core", "src\Shared\Shared.Core\Shared.Core.csproj", "{2F207937-68BF-47C3-A9B9-C8BF123D5D6E}"
EndProject
Project("{E53339B2-1760-4266-BCC7-CA923CBCF16C}") = "docker-compose", "docker-compose.dcproj", "{FE2B47C0-121A-42A5-A19B-30AF00ABCCF3}"
EndProject
Project("{FAE04EC0-301F-11D3-BF4B-00C04F79EFBC}") = "Book.UnitTests", "src\Book\Book.UnitTests\Book.UnitTests.csproj", "{BCE3003D-A85B-4C51-9D95-606701E7971B}"
EndProject
Global
	GlobalSection(SolutionConfigurationPlatforms) = preSolution
		Debug|Any CPU = Debug|Any CPU
		Release|Any CPU = Release|Any CPU
	EndGlobalSection
	GlobalSection(ProjectConfigurationPlatforms) = postSolution
		{24B978C4-9D50-4573-9F2E-2208B9DD5A2B}.Debug|Any CPU.ActiveCfg = Debug|Any CPU
		{24B978C4-9D50-4573-9F2E-2208B9DD5A2B}.Debug|Any CPU.Build.0 = Debug|Any CPU
		{24B978C4-9D50-4573-9F2E-2208B9DD5A2B}.Release|Any CPU.ActiveCfg = Release|Any CPU
		{24B978C4-9D50-4573-9F2E-2208B9DD5A2B}.Release|Any CPU.Build.0 = Release|Any CPU
		{589885DA-C6E6-40B4-A43F-C1FD459EC86D}.Debug|Any CPU.ActiveCfg = Debug|Any CPU
		{589885DA-C6E6-40B4-A43F-C1FD459EC86D}.Debug|Any CPU.Build.0 = Debug|Any CPU
		{589885DA-C6E6-40B4-A43F-C1FD459EC86D}.Release|Any CPU.ActiveCfg = Release|Any CPU
		{589885DA-C6E6-40B4-A43F-C1FD459EC86D}.Release|Any CPU.Build.0 = Release|Any CPU
		{82C68D2E-3A3D-4E19-A883-63F4E9D6A0A4}.Debug|Any CPU.ActiveCfg = Debug|Any CPU
		{82C68D2E-3A3D-4E19-A883-63F4E9D6A0A4}.Debug|Any CPU.Build.0 = Debug|Any CPU
		{82C68D2E-3A3D-4E19-A883-63F4E9D6A0A4}.Release|Any CPU.ActiveCfg = Release|Any CPU
		{82C68D2E-3A3D-4E19-A883-63F4E9D6A0A4}.Release|Any CPU.Build.0 = Release|Any CPU
		{09D6BEBD-BD17-4AB5-B29B-A07597E1EAA9}.Debug|Any CPU.ActiveCfg = Debug|Any CPU
		{09D6BEBD-BD17-4AB5-B29B-A07597E1EAA9}.Debug|Any CPU.Build.0 = Debug|Any CPU
		{09D6BEBD-BD17-4AB5-B29B-A07597E1EAA9}.Release|Any CPU.ActiveCfg = Release|Any CPU
		{09D6BEBD-BD17-4AB5-B29B-A07597E1EAA9}.Release|Any CPU.Build.0 = Release|Any CPU
		{25577522-E1CF-41D0-987D-C976FC0A3AC5}.Debug|Any CPU.ActiveCfg = Debug|Any CPU
		{25577522-E1CF-41D0-987D-C976FC0A3AC5}.Debug|Any CPU.Build.0 = Debug|Any CPU
		{25577522-E1CF-41D0-987D-C976FC0A3AC5}.Release|Any CPU.ActiveCfg = Release|Any CPU
		{25577522-E1CF-41D0-987D-C976FC0A3AC5}.Release|Any CPU.Build.0 = Release|Any CPU
		{05C9E41B-FDCA-4F7B-829C-EBC4CC560D0D}.Debug|Any CPU.ActiveCfg = Debug|Any CPU
		{05C9E41B-FDCA-4F7B-829C-EBC4CC560D0D}.Debug|Any CPU.Build.0 = Debug|Any CPU
		{05C9E41B-FDCA-4F7B-829C-EBC4CC560D0D}.Release|Any CPU.ActiveCfg = Release|Any CPU
		{05C9E41B-FDCA-4F7B-829C-EBC4CC560D0D}.Release|Any CPU.Build.0 = Release|Any CPU
		{1FE2ED60-C505-466F-ACBC-D8A7EC1F2142}.Debug|Any CPU.ActiveCfg = Debug|Any CPU
		{1FE2ED60-C505-466F-ACBC-D8A7EC1F2142}.Debug|Any CPU.Build.0 = Debug|Any CPU
		{1FE2ED60-C505-466F-ACBC-D8A7EC1F2142}.Release|Any CPU.ActiveCfg = Release|Any CPU
		{1FE2ED60-C505-466F-ACBC-D8A7EC1F2142}.Release|Any CPU.Build.0 = Release|Any CPU
		{C7DED5F0-1F0E-45B5-9BE1-1C6EEB523FF0}.Debug|Any CPU.ActiveCfg = Debug|Any CPU
		{C7DED5F0-1F0E-45B5-9BE1-1C6EEB523FF0}.Debug|Any CPU.Build.0 = Debug|Any CPU
		{C7DED5F0-1F0E-45B5-9BE1-1C6EEB523FF0}.Release|Any CPU.ActiveCfg = Release|Any CPU
		{C7DED5F0-1F0E-45B5-9BE1-1C6EEB523FF0}.Release|Any CPU.Build.0 = Release|Any CPU
		{C1EC7074-5953-43F0-B512-C5EEB4D2D583}.Debug|Any CPU.ActiveCfg = Debug|Any CPU
		{C1EC7074-5953-43F0-B512-C5EEB4D2D583}.Debug|Any CPU.Build.0 = Debug|Any CPU
		{C1EC7074-5953-43F0-B512-C5EEB4D2D583}.Release|Any CPU.ActiveCfg = Release|Any CPU
		{C1EC7074-5953-43F0-B512-C5EEB4D2D583}.Release|Any CPU.Build.0 = Release|Any CPU
		{6CCC45FE-3E08-43C7-8744-B66B7F895F9F}.Debug|Any CPU.ActiveCfg = Debug|Any CPU
		{6CCC45FE-3E08-43C7-8744-B66B7F895F9F}.Debug|Any CPU.Build.0 = Debug|Any CPU
		{6CCC45FE-3E08-43C7-8744-B66B7F895F9F}.Release|Any CPU.ActiveCfg = Release|Any CPU
		{6CCC45FE-3E08-43C7-8744-B66B7F895F9F}.Release|Any CPU.Build.0 = Release|Any CPU
		{3C8CFD53-126B-4CCD-A636-DFB24E48FDA9}.Debug|Any CPU.ActiveCfg = Debug|Any CPU
		{3C8CFD53-126B-4CCD-A636-DFB24E48FDA9}.Debug|Any CPU.Build.0 = Debug|Any CPU
		{3C8CFD53-126B-4CCD-A636-DFB24E48FDA9}.Release|Any CPU.ActiveCfg = Release|Any CPU
		{3C8CFD53-126B-4CCD-A636-DFB24E48FDA9}.Release|Any CPU.Build.0 = Release|Any CPU
		{2F207937-68BF-47C3-A9B9-C8BF123D5D6E}.Debug|Any CPU.ActiveCfg = Debug|Any CPU
		{2F207937-68BF-47C3-A9B9-C8BF123D5D6E}.Debug|Any CPU.Build.0 = Debug|Any CPU
		{2F207937-68BF-47C3-A9B9-C8BF123D5D6E}.Release|Any CPU.ActiveCfg = Release|Any CPU
		{2F207937-68BF-47C3-A9B9-C8BF123D5D6E}.Release|Any CPU.Build.0 = Release|Any CPU
		{FE2B47C0-121A-42A5-A19B-30AF00ABCCF3}.Debug|Any CPU.ActiveCfg = Debug|Any CPU
		{FE2B47C0-121A-42A5-A19B-30AF00ABCCF3}.Debug|Any CPU.Build.0 = Debug|Any CPU
		{FE2B47C0-121A-42A5-A19B-30AF00ABCCF3}.Release|Any CPU.ActiveCfg = Release|Any CPU
		{FE2B47C0-121A-42A5-A19B-30AF00ABCCF3}.Release|Any CPU.Build.0 = Release|Any CPU
		{BCE3003D-A85B-4C51-9D95-606701E7971B}.Debug|Any CPU.ActiveCfg = Debug|Any CPU
		{BCE3003D-A85B-4C51-9D95-606701E7971B}.Debug|Any CPU.Build.0 = Debug|Any CPU
		{BCE3003D-A85B-4C51-9D95-606701E7971B}.Release|Any CPU.ActiveCfg = Release|Any CPU
		{BCE3003D-A85B-4C51-9D95-606701E7971B}.Release|Any CPU.Build.0 = Release|Any CPU
	EndGlobalSection
	GlobalSection(SolutionProperties) = preSolution
		HideSolutionNode = FALSE
	EndGlobalSection
	GlobalSection(NestedProjects) = preSolution
		{24B978C4-9D50-4573-9F2E-2208B9DD5A2B} = {A1FB0B99-F982-4B25-929A-DF4147E5AB0B}
		{589885DA-C6E6-40B4-A43F-C1FD459EC86D} = {A1FB0B99-F982-4B25-929A-DF4147E5AB0B}
		{82C68D2E-3A3D-4E19-A883-63F4E9D6A0A4} = {A1FB0B99-F982-4B25-929A-DF4147E5AB0B}
		{09D6BEBD-BD17-4AB5-B29B-A07597E1EAA9} = {9013519C-3ED7-442D-8357-9A34B2B3D7BF}
		{25577522-E1CF-41D0-987D-C976FC0A3AC5} = {975B28E0-916D-4BDB-9CFA-B48118299887}
		{05C9E41B-FDCA-4F7B-829C-EBC4CC560D0D} = {975B28E0-916D-4BDB-9CFA-B48118299887}
		{1FE2ED60-C505-466F-ACBC-D8A7EC1F2142} = {975B28E0-916D-4BDB-9CFA-B48118299887}
		{C7DED5F0-1F0E-45B5-9BE1-1C6EEB523FF0} = {DEB088A0-258F-4355-9931-BF428DE932F6}
		{C1EC7074-5953-43F0-B512-C5EEB4D2D583} = {246B4C43-FCF7-4481-8FB5-7157B6B8C1FE}
		{6CCC45FE-3E08-43C7-8744-B66B7F895F9F} = {246B4C43-FCF7-4481-8FB5-7157B6B8C1FE}
		{3C8CFD53-126B-4CCD-A636-DFB24E48FDA9} = {246B4C43-FCF7-4481-8FB5-7157B6B8C1FE}
		{2F207937-68BF-47C3-A9B9-C8BF123D5D6E} = {DEB088A0-258F-4355-9931-BF428DE932F6}
		{BCE3003D-A85B-4C51-9D95-606701E7971B} = {A1FB0B99-F982-4B25-929A-DF4147E5AB0B}
	EndGlobalSection
	GlobalSection(ExtensibilityGlobals) = postSolution
		SolutionGuid = {F6248F03-155B-4AB1-953C-164CBCCE8BA8}
	EndGlobalSection
EndGlobal
